// !$*UTF8*$!
{
	archiveVersion = 1;
	classes = {
	};
	objectVersion = 46;
	objects = {

/* Begin PBXBuildFile section */
		EBA0D09618AE36F5002B2614 /* Foundation.framework in Frameworks */ = {isa = PBXBuildFile; fileRef = EBA0D09518AE36F5002B2614 /* Foundation.framework */; };
		EBA0D09818AE36F5002B2614 /* CoreGraphics.framework in Frameworks */ = {isa = PBXBuildFile; fileRef = EBA0D09718AE36F5002B2614 /* CoreGraphics.framework */; };
		EBA0D09A18AE36F5002B2614 /* UIKit.framework in Frameworks */ = {isa = PBXBuildFile; fileRef = EBA0D09918AE36F5002B2614 /* UIKit.framework */; };
		EBA0D0A018AE36F5002B2614 /* InfoPlist.strings in Resources */ = {isa = PBXBuildFile; fileRef = EBA0D09E18AE36F5002B2614 /* InfoPlist.strings */; };
		EBA0D0A218AE36F5002B2614 /* main.m in Sources */ = {isa = PBXBuildFile; fileRef = EBA0D0A118AE36F5002B2614 /* main.m */; };
		EBA0D0A618AE36F5002B2614 /* AppDelegate.m in Sources */ = {isa = PBXBuildFile; fileRef = EBA0D0A518AE36F5002B2614 /* AppDelegate.m */; };
		EBA0D0A918AE36F5002B2614 /* Main_iPhone.storyboard in Resources */ = {isa = PBXBuildFile; fileRef = EBA0D0A718AE36F5002B2614 /* Main_iPhone.storyboard */; };
		EBA0D0AC18AE36F5002B2614 /* Main_iPad.storyboard in Resources */ = {isa = PBXBuildFile; fileRef = EBA0D0AA18AE36F5002B2614 /* Main_iPad.storyboard */; };
		EBA0D0AF18AE36F5002B2614 /* ViewController.m in Sources */ = {isa = PBXBuildFile; fileRef = EBA0D0AE18AE36F5002B2614 /* ViewController.m */; };
		EBA0D0B118AE36F5002B2614 /* Images.xcassets in Resources */ = {isa = PBXBuildFile; fileRef = EBA0D0B018AE36F5002B2614 /* Images.xcassets */; };
		EBA0D0B818AE36F5002B2614 /* XCTest.framework in Frameworks */ = {isa = PBXBuildFile; fileRef = EBA0D0B718AE36F5002B2614 /* XCTest.framework */; };
		EBA0D0B918AE36F5002B2614 /* Foundation.framework in Frameworks */ = {isa = PBXBuildFile; fileRef = EBA0D09518AE36F5002B2614 /* Foundation.framework */; };
		EBA0D0BA18AE36F5002B2614 /* UIKit.framework in Frameworks */ = {isa = PBXBuildFile; fileRef = EBA0D09918AE36F5002B2614 /* UIKit.framework */; };
		EBA0D0C218AE36F5002B2614 /* InfoPlist.strings in Resources */ = {isa = PBXBuildFile; fileRef = EBA0D0C018AE36F5002B2614 /* InfoPlist.strings */; };
		EBA0D0C418AE36F5002B2614 /* YSSliderBarDemoTests.m in Sources */ = {isa = PBXBuildFile; fileRef = EBA0D0C318AE36F5002B2614 /* YSSliderBarDemoTests.m */; };
		EBA0D0D018AE375A002B2614 /* YSSliderBar.m in Sources */ = {isa = PBXBuildFile; fileRef = EBA0D0CF18AE375A002B2614 /* YSSliderBar.m */; };
/* End PBXBuildFile section */

/* Begin PBXContainerItemProxy section */
		EBA0D0BB18AE36F5002B2614 /* PBXContainerItemProxy */ = {
			isa = PBXContainerItemProxy;
			containerPortal = EBA0D08A18AE36F5002B2614 /* Project object */;
			proxyType = 1;
			remoteGlobalIDString = EBA0D09118AE36F5002B2614;
			remoteInfo = YSSliderBarDemo;
		};
/* End PBXContainerItemProxy section */

/* Begin PBXFileReference section */
		EBA0D09218AE36F5002B2614 /* YSSliderBarDemo.app */ = {isa = PBXFileReference; explicitFileType = wrapper.application; includeInIndex = 0; path = YSSliderBarDemo.app; sourceTree = BUILT_PRODUCTS_DIR; };
		EBA0D09518AE36F5002B2614 /* Foundation.framework */ = {isa = PBXFileReference; lastKnownFileType = wrapper.framework; name = Foundation.framework; path = System/Library/Frameworks/Foundation.framework; sourceTree = SDKROOT; };
		EBA0D09718AE36F5002B2614 /* CoreGraphics.framework */ = {isa = PBXFileReference; lastKnownFileType = wrapper.framework; name = CoreGraphics.framework; path = System/Library/Frameworks/CoreGraphics.framework; sourceTree = SDKROOT; };
		EBA0D09918AE36F5002B2614 /* UIKit.framework */ = {isa = PBXFileReference; lastKnownFileType = wrapper.framework; name = UIKit.framework; path = System/Library/Frameworks/UIKit.framework; sourceTree = SDKROOT; };
		EBA0D09D18AE36F5002B2614 /* YSSliderBarDemo-Info.plist */ = {isa = PBXFileReference; lastKnownFileType = text.plist.xml; path = "YSSliderBarDemo-Info.plist"; sourceTree = "<group>"; };
		EBA0D09F18AE36F5002B2614 /* en */ = {isa = PBXFileReference; lastKnownFileType = text.plist.strings; name = en; path = en.lproj/InfoPlist.strings; sourceTree = "<group>"; };
		EBA0D0A118AE36F5002B2614 /* main.m */ = {isa = PBXFileReference; lastKnownFileType = sourcecode.c.objc; path = main.m; sourceTree = "<group>"; };
		EBA0D0A318AE36F5002B2614 /* YSSliderBarDemo-Prefix.pch */ = {isa = PBXFileReference; lastKnownFileType = sourcecode.c.h; path = "YSSliderBarDemo-Prefix.pch"; sourceTree = "<group>"; };
		EBA0D0A418AE36F5002B2614 /* AppDelegate.h */ = {isa = PBXFileReference; lastKnownFileType = sourcecode.c.h; path = AppDelegate.h; sourceTree = "<group>"; };
		EBA0D0A518AE36F5002B2614 /* AppDelegate.m */ = {isa = PBXFileReference; lastKnownFileType = sourcecode.c.objc; path = AppDelegate.m; sourceTree = "<group>"; };
		EBA0D0A818AE36F5002B2614 /* Base */ = {isa = PBXFileReference; lastKnownFileType = file.storyboard; name = Base; path = Base.lproj/Main_iPhone.storyboard; sourceTree = "<group>"; };
		EBA0D0AB18AE36F5002B2614 /* Base */ = {isa = PBXFileReference; lastKnownFileType = file.storyboard; name = Base; path = Base.lproj/Main_iPad.storyboard; sourceTree = "<group>"; };
		EBA0D0AD18AE36F5002B2614 /* ViewController.h */ = {isa = PBXFileReference; lastKnownFileType = sourcecode.c.h; path = ViewController.h; sourceTree = "<group>"; };
		EBA0D0AE18AE36F5002B2614 /* ViewController.m */ = {isa = PBXFileReference; lastKnownFileType = sourcecode.c.objc; path = ViewController.m; sourceTree = "<group>"; };
		EBA0D0B018AE36F5002B2614 /* Images.xcassets */ = {isa = PBXFileReference; lastKnownFileType = folder.assetcatalog; path = Images.xcassets; sourceTree = "<group>"; };
		EBA0D0B618AE36F5002B2614 /* YSSliderBarDemoTests.xctest */ = {isa = PBXFileReference; explicitFileType = wrapper.cfbundle; includeInIndex = 0; path = YSSliderBarDemoTests.xctest; sourceTree = BUILT_PRODUCTS_DIR; };
		EBA0D0B718AE36F5002B2614 /* XCTest.framework */ = {isa = PBXFileReference; lastKnownFileType = wrapper.framework; name = XCTest.framework; path = Library/Frameworks/XCTest.framework; sourceTree = DEVELOPER_DIR; };
		EBA0D0BF18AE36F5002B2614 /* YSSliderBarDemoTests-Info.plist */ = {isa = PBXFileReference; lastKnownFileType = text.plist.xml; path = "YSSliderBarDemoTests-Info.plist"; sourceTree = "<group>"; };
		EBA0D0C118AE36F5002B2614 /* en */ = {isa = PBXFileReference; lastKnownFileType = text.plist.strings; name = en; path = en.lproj/InfoPlist.strings; sourceTree = "<group>"; };
		EBA0D0C318AE36F5002B2614 /* YSSliderBarDemoTests.m */ = {isa = PBXFileReference; lastKnownFileType = sourcecode.c.objc; path = YSSliderBarDemoTests.m; sourceTree = "<group>"; };
		EBA0D0CE18AE375A002B2614 /* YSSliderBar.h */ = {isa = PBXFileReference; fileEncoding = 4; lastKnownFileType = sourcecode.c.h; path = YSSliderBar.h; sourceTree = "<group>"; };
		EBA0D0CF18AE375A002B2614 /* YSSliderBar.m */ = {isa = PBXFileReference; fileEncoding = 4; lastKnownFileType = sourcecode.c.objc; path = YSSliderBar.m; sourceTree = "<group>"; };
/* End PBXFileReference section */

/* Begin PBXFrameworksBuildPhase section */
		EBA0D08F18AE36F5002B2614 /* Frameworks */ = {
			isa = PBXFrameworksBuildPhase;
			buildActionMask = 2147483647;
			files = (
				EBA0D09818AE36F5002B2614 /* CoreGraphics.framework in Frameworks */,
				EBA0D09A18AE36F5002B2614 /* UIKit.framework in Frameworks */,
				EBA0D09618AE36F5002B2614 /* Foundation.framework in Frameworks */,
			);
			runOnlyForDeploymentPostprocessing = 0;
		};
		EBA0D0B318AE36F5002B2614 /* Frameworks */ = {
			isa = PBXFrameworksBuildPhase;
			buildActionMask = 2147483647;
			files = (
				EBA0D0B818AE36F5002B2614 /* XCTest.framework in Frameworks */,
				EBA0D0BA18AE36F5002B2614 /* UIKit.framework in Frameworks */,
				EBA0D0B918AE36F5002B2614 /* Foundation.framework in Frameworks */,
			);
			runOnlyForDeploymentPostprocessing = 0;
		};
/* End PBXFrameworksBuildPhase section */

/* Begin PBXGroup section */
		EBA0D08918AE36F5002B2614 = {
			isa = PBXGroup;
			children = (
				EBA0D0CD18AE375A002B2614 /* YSSliderBar */,
				EBA0D09B18AE36F5002B2614 /* YSSliderBarDemo */,
				EBA0D0BD18AE36F5002B2614 /* YSSliderBarDemoTests */,
				EBA0D09418AE36F5002B2614 /* Frameworks */,
				EBA0D09318AE36F5002B2614 /* Products */,
			);
			sourceTree = "<group>";
		};
		EBA0D09318AE36F5002B2614 /* Products */ = {
			isa = PBXGroup;
			children = (
				EBA0D09218AE36F5002B2614 /* YSSliderBarDemo.app */,
				EBA0D0B618AE36F5002B2614 /* YSSliderBarDemoTests.xctest */,
			);
			name = Products;
			sourceTree = "<group>";
		};
		EBA0D09418AE36F5002B2614 /* Frameworks */ = {
			isa = PBXGroup;
			children = (
				EBA0D09518AE36F5002B2614 /* Foundation.framework */,
				EBA0D09718AE36F5002B2614 /* CoreGraphics.framework */,
				EBA0D09918AE36F5002B2614 /* UIKit.framework */,
				EBA0D0B718AE36F5002B2614 /* XCTest.framework */,
			);
			name = Frameworks;
			sourceTree = "<group>";
		};
		EBA0D09B18AE36F5002B2614 /* YSSliderBarDemo */ = {
			isa = PBXGroup;
			children = (
				EBA0D0A418AE36F5002B2614 /* AppDelegate.h */,
				EBA0D0A518AE36F5002B2614 /* AppDelegate.m */,
				EBA0D0A718AE36F5002B2614 /* Main_iPhone.storyboard */,
				EBA0D0AA18AE36F5002B2614 /* Main_iPad.storyboard */,
				EBA0D0AD18AE36F5002B2614 /* ViewController.h */,
				EBA0D0AE18AE36F5002B2614 /* ViewController.m */,
				EBA0D0B018AE36F5002B2614 /* Images.xcassets */,
				EBA0D09C18AE36F5002B2614 /* Supporting Files */,
			);
			path = YSSliderBarDemo;
			sourceTree = "<group>";
		};
		EBA0D09C18AE36F5002B2614 /* Supporting Files */ = {
			isa = PBXGroup;
			children = (
				EBA0D09D18AE36F5002B2614 /* YSSliderBarDemo-Info.plist */,
				EBA0D09E18AE36F5002B2614 /* InfoPlist.strings */,
				EBA0D0A118AE36F5002B2614 /* main.m */,
				EBA0D0A318AE36F5002B2614 /* YSSliderBarDemo-Prefix.pch */,
			);
			name = "Supporting Files";
			sourceTree = "<group>";
		};
		EBA0D0BD18AE36F5002B2614 /* YSSliderBarDemoTests */ = {
			isa = PBXGroup;
			children = (
				EBA0D0C318AE36F5002B2614 /* YSSliderBarDemoTests.m */,
				EBA0D0BE18AE36F5002B2614 /* Supporting Files */,
			);
			path = YSSliderBarDemoTests;
			sourceTree = "<group>";
		};
		EBA0D0BE18AE36F5002B2614 /* Supporting Files */ = {
			isa = PBXGroup;
			children = (
				EBA0D0BF18AE36F5002B2614 /* YSSliderBarDemoTests-Info.plist */,
				EBA0D0C018AE36F5002B2614 /* InfoPlist.strings */,
			);
			name = "Supporting Files";
			sourceTree = "<group>";
		};
		EBA0D0CD18AE375A002B2614 /* YSSliderBar */ = {
			isa = PBXGroup;
			children = (
				EBA0D0CE18AE375A002B2614 /* YSSliderBar.h */,
				EBA0D0CF18AE375A002B2614 /* YSSliderBar.m */,
			);
			path = YSSliderBar;
			sourceTree = SOURCE_ROOT;
		};
/* End PBXGroup section */

/* Begin PBXNativeTarget section */
		EBA0D09118AE36F5002B2614 /* YSSliderBarDemo */ = {
			isa = PBXNativeTarget;
			buildConfigurationList = EBA0D0C718AE36F5002B2614 /* Build configuration list for PBXNativeTarget "YSSliderBarDemo" */;
			buildPhases = (
				EBA0D08E18AE36F5002B2614 /* Sources */,
				EBA0D08F18AE36F5002B2614 /* Frameworks */,
				EBA0D09018AE36F5002B2614 /* Resources */,
			);
			buildRules = (
			);
			dependencies = (
			);
			name = YSSliderBarDemo;
			productName = YSSliderBarDemo;
			productReference = EBA0D09218AE36F5002B2614 /* YSSliderBarDemo.app */;
			productType = "com.apple.product-type.application";
		};
		EBA0D0B518AE36F5002B2614 /* YSSliderBarDemoTests */ = {
			isa = PBXNativeTarget;
			buildConfigurationList = EBA0D0CA18AE36F5002B2614 /* Build configuration list for PBXNativeTarget "YSSliderBarDemoTests" */;
			buildPhases = (
				EBA0D0B218AE36F5002B2614 /* Sources */,
				EBA0D0B318AE36F5002B2614 /* Frameworks */,
				EBA0D0B418AE36F5002B2614 /* Resources */,
			);
			buildRules = (
			);
			dependencies = (
				EBA0D0BC18AE36F5002B2614 /* PBXTargetDependency */,
			);
			name = YSSliderBarDemoTests;
			productName = YSSliderBarDemoTests;
			productReference = EBA0D0B618AE36F5002B2614 /* YSSliderBarDemoTests.xctest */;
			productType = "com.apple.product-type.bundle.unit-test";
		};
/* End PBXNativeTarget section */

/* Begin PBXProject section */
		EBA0D08A18AE36F5002B2614 /* Project object */ = {
			isa = PBXProject;
			attributes = {
				LastUpgradeCheck = 0500;
				ORGANIZATIONNAME = "Yianni Software Pty Ltd";
				TargetAttributes = {
					EBA0D0B518AE36F5002B2614 = {
						TestTargetID = EBA0D09118AE36F5002B2614;
					};
				};
			};
			buildConfigurationList = EBA0D08D18AE36F5002B2614 /* Build configuration list for PBXProject "YSSliderBarDemo" */;
			compatibilityVersion = "Xcode 3.2";
			developmentRegion = English;
			hasScannedForEncodings = 0;
			knownRegions = (
				en,
				Base,
			);
			mainGroup = EBA0D08918AE36F5002B2614;
			productRefGroup = EBA0D09318AE36F5002B2614 /* Products */;
			projectDirPath = "";
			projectRoot = "";
			targets = (
				EBA0D09118AE36F5002B2614 /* YSSliderBarDemo */,
				EBA0D0B518AE36F5002B2614 /* YSSliderBarDemoTests */,
			);
		};
/* End PBXProject section */

/* Begin PBXResourcesBuildPhase section */
		EBA0D09018AE36F5002B2614 /* Resources */ = {
			isa = PBXResourcesBuildPhase;
			buildActionMask = 2147483647;
			files = (
				EBA0D0AC18AE36F5002B2614 /* Main_iPad.storyboard in Resources */,
				EBA0D0B118AE36F5002B2614 /* Images.xcassets in Resources */,
				EBA0D0A918AE36F5002B2614 /* Main_iPhone.storyboard in Resources */,
				EBA0D0A018AE36F5002B2614 /* InfoPlist.strings in Resources */,
			);
			runOnlyForDeploymentPostprocessing = 0;
		};
		EBA0D0B418AE36F5002B2614 /* Resources */ = {
			isa = PBXResourcesBuildPhase;
			buildActionMask = 2147483647;
			files = (
				EBA0D0C218AE36F5002B2614 /* InfoPlist.strings in Resources */,
			);
			runOnlyForDeploymentPostprocessing = 0;
		};
/* End PBXResourcesBuildPhase section */

/* Begin PBXSourcesBuildPhase section */
		EBA0D08E18AE36F5002B2614 /* Sources */ = {
			isa = PBXSourcesBuildPhase;
			buildActionMask = 2147483647;
			files = (
				EBA0D0AF18AE36F5002B2614 /* ViewController.m in Sources */,
				EBA0D0A618AE36F5002B2614 /* AppDelegate.m in Sources */,
				EBA0D0D018AE375A002B2614 /* YSSliderBar.m in Sources */,
				EBA0D0A218AE36F5002B2614 /* main.m in Sources */,
			);
			runOnlyForDeploymentPostprocessing = 0;
		};
		EBA0D0B218AE36F5002B2614 /* Sources */ = {
			isa = PBXSourcesBuildPhase;
			buildActionMask = 2147483647;
			files = (
				EBA0D0C418AE36F5002B2614 /* YSSliderBarDemoTests.m in Sources */,
			);
			runOnlyForDeploymentPostprocessing = 0;
		};
/* End PBXSourcesBuildPhase section */

/* Begin PBXTargetDependency section */
		EBA0D0BC18AE36F5002B2614 /* PBXTargetDependency */ = {
			isa = PBXTargetDependency;
			target = EBA0D09118AE36F5002B2614 /* YSSliderBarDemo */;
			targetProxy = EBA0D0BB18AE36F5002B2614 /* PBXContainerItemProxy */;
		};
/* End PBXTargetDependency section */

/* Begin PBXVariantGroup section */
		EBA0D09E18AE36F5002B2614 /* InfoPlist.strings */ = {
			isa = PBXVariantGroup;
			children = (
				EBA0D09F18AE36F5002B2614 /* en */,
			);
			name = InfoPlist.strings;
			sourceTree = "<group>";
		};
		EBA0D0A718AE36F5002B2614 /* Main_iPhone.storyboard */ = {
			isa = PBXVariantGroup;
			children = (
				EBA0D0A818AE36F5002B2614 /* Base */,
			);
			name = Main_iPhone.storyboard;
			sourceTree = "<group>";
		};
		EBA0D0AA18AE36F5002B2614 /* Main_iPad.storyboard */ = {
			isa = PBXVariantGroup;
			children = (
				EBA0D0AB18AE36F5002B2614 /* Base */,
			);
			name = Main_iPad.storyboard;
			sourceTree = "<group>";
		};
		EBA0D0C018AE36F5002B2614 /* InfoPlist.strings */ = {
			isa = PBXVariantGroup;
			children = (
				EBA0D0C118AE36F5002B2614 /* en */,
			);
			name = InfoPlist.strings;
			sourceTree = "<group>";
		};
/* End PBXVariantGroup section */

/* Begin XCBuildConfiguration section */
		EBA0D0C518AE36F5002B2614 /* Debug */ = {
			isa = XCBuildConfiguration;
			buildSettings = {
				ALWAYS_SEARCH_USER_PATHS = NO;
				ARCHS = "$(ARCHS_STANDARD_INCLUDING_64_BIT)";
				CLANG_CXX_LANGUAGE_STANDARD = "gnu++0x";
				CLANG_CXX_LIBRARY = "libc++";
				CLANG_ENABLE_MODULES = YES;
				CLANG_ENABLE_OBJC_ARC = YES;
				CLANG_WARN_BOOL_CONVERSION = YES;
				CLANG_WARN_CONSTANT_CONVERSION = YES;
				CLANG_WARN_DIRECT_OBJC_ISA_USAGE = YES_ERROR;
				CLANG_WARN_EMPTY_BODY = YES;
				CLANG_WARN_ENUM_CONVERSION = YES;
				CLANG_WARN_INT_CONVERSION = YES;
				CLANG_WARN_OBJC_ROOT_CLASS = YES_ERROR;
				CLANG_WARN__DUPLICATE_METHOD_MATCH = YES;
				"CODE_SIGN_IDENTITY[sdk=iphoneos*]" = "iPhone Developer";
				COPY_PHASE_STRIP = NO;
				GCC_C_LANGUAGE_STANDARD = gnu99;
				GCC_DYNAMIC_NO_PIC = NO;
				GCC_OPTIMIZATION_LEVEL = 0;
				GCC_PREPROCESSOR_DEFINITIONS = (
					"DEBUG=1",
					"$(inherited)",
				);
				GCC_SYMBOLS_PRIVATE_EXTERN = NO;
				GCC_WARN_64_TO_32_BIT_CONVERSION = YES;
				GCC_WARN_ABOUT_RETURN_TYPE = YES_ERROR;
				GCC_WARN_UNDECLARED_SELECTOR = YES;
				GCC_WARN_UNINITIALIZED_AUTOS = YES;
				GCC_WARN_UNUSED_FUNCTION = YES;
				GCC_WARN_UNUSED_VARIABLE = YES;
				IPHONEOS_DEPLOYMENT_TARGET = 7.0;
				ONLY_ACTIVE_ARCH = YES;
				SDKROOT = iphoneos;
				TARGETED_DEVICE_FAMILY = "1,2";
			};
			name = Debug;
		};
		EBA0D0C618AE36F5002B2614 /* Release */ = {
			isa = XCBuildConfiguration;
			buildSettings = {
				ALWAYS_SEARCH_USER_PATHS = NO;
				ARCHS = "$(ARCHS_STANDARD_INCLUDING_64_BIT)";
				CLANG_CXX_LANGUAGE_STANDARD = "gnu++0x";
				CLANG_CXX_LIBRARY = "libc++";
				CLANG_ENABLE_MODULES = YES;
				CLANG_ENABLE_OBJC_ARC = YES;
				CLANG_WARN_BOOL_CONVERSION = YES;
				CLANG_WARN_CONSTANT_CONVERSION = YES;
				CLANG_WARN_DIRECT_OBJC_ISA_USAGE = YES_ERROR;
				CLANG_WARN_EMPTY_BODY = YES;
				CLANG_WARN_ENUM_CONVERSION = YES;
				CLANG_WARN_INT_CONVERSION = YES;
				CLANG_WARN_OBJC_ROOT_CLASS = YES_ERROR;
				CLANG_WARN__DUPLICATE_METHOD_MATCH = YES;
				"CODE_SIGN_IDENTITY[sdk=iphoneos*]" = "iPhone Developer";
				COPY_PHASE_STRIP = YES;
				ENABLE_NS_ASSERTIONS = NO;
				GCC_C_LANGUAGE_STANDARD = gnu99;
				GCC_WARN_64_TO_32_BIT_CONVERSION = YES;
				GCC_WARN_ABOUT_RETURN_TYPE = YES_ERROR;
				GCC_WARN_UNDECLARED_SELECTOR = YES;
				GCC_WARN_UNINITIALIZED_AUTOS = YES;
				GCC_WARN_UNUSED_FUNCTION = YES;
				GCC_WARN_UNUSED_VARIABLE = YES;
				IPHONEOS_DEPLOYMENT_TARGET = 7.0;
				SDKROOT = iphoneos;
				TARGETED_DEVICE_FAMILY = "1,2";
				VALIDATE_PRODUCT = YES;
			};
			name = Release;
		};
		EBA0D0C818AE36F5002B2614 /* Debug */ = {
			isa = XCBuildConfiguration;
			buildSettings = {
				ASSETCATALOG_COMPILER_APPICON_NAME = AppIcon;
				ASSETCATALOG_COMPILER_LAUNCHIMAGE_NAME = LaunchImage;
				GCC_PRECOMPILE_PREFIX_HEADER = YES;
				GCC_PREFIX_HEADER = "YSSliderBarDemo/YSSliderBarDemo-Prefix.pch";
				INFOPLIST_FILE = "YSSliderBarDemo/YSSliderBarDemo-Info.plist";
				PRODUCT_NAME = "$(TARGET_NAME)";
				WRAPPER_EXTENSION = app;
			};
			name = Debug;
		};
		EBA0D0C918AE36F5002B2614 /* Release */ = {
			isa = XCBuildConfiguration;
			buildSettings = {
				ASSETCATALOG_COMPILER_APPICON_NAME = AppIcon;
				ASSETCATALOG_COMPILER_LAUNCHIMAGE_NAME = LaunchImage;
				GCC_PRECOMPILE_PREFIX_HEADER = YES;
				GCC_PREFIX_HEADER = "YSSliderBarDemo/YSSliderBarDemo-Prefix.pch";
				INFOPLIST_FILE = "YSSliderBarDemo/YSSliderBarDemo-Info.plist";
				PRODUCT_NAME = "$(TARGET_NAME)";
				WRAPPER_EXTENSION = app;
			};
			name = Release;
		};
		EBA0D0CB18AE36F5002B2614 /* Debug */ = {
			isa = XCBuildConfiguration;
			buildSettings = {
				ARCHS = "$(ARCHS_STANDARD_INCLUDING_64_BIT)";
				BUNDLE_LOADER = "$(BUILT_PRODUCTS_DIR)/YSSliderBarDemo.app/YSSliderBarDemo";
				FRAMEWORK_SEARCH_PATHS = (
					"$(SDKROOT)/Developer/Library/Frameworks",
					"$(inherited)",
					"$(DEVELOPER_FRAMEWORKS_DIR)",
				);
				GCC_PRECOMPILE_PREFIX_HEADER = YES;
				GCC_PREFIX_HEADER = "YSSliderBarDemo/YSSliderBarDemo-Prefix.pch";
				GCC_PREPROCESSOR_DEFINITIONS = (
					"DEBUG=1",
					"$(inherited)",
				);
				INFOPLIST_FILE = "YSSliderBarDemoTests/YSSliderBarDemoTests-Info.plist";
				PRODUCT_NAME = "$(TARGET_NAME)";
				TEST_HOST = "$(BUNDLE_LOADER)";
				WRAPPER_EXTENSION = xctest;
			};
			name = Debug;
		};
		EBA0D0CC18AE36F5002B2614 /* Release */ = {
			isa = XCBuildConfiguration;
			buildSettings = {
				ARCHS = "$(ARCHS_STANDARD_INCLUDING_64_BIT)";
				BUNDLE_LOADER = "$(BUILT_PRODUCTS_DIR)/YSSliderBarDemo.app/YSSliderBarDemo";
				FRAMEWORK_SEARCH_PATHS = (
					"$(SDKROOT)/Developer/Library/Frameworks",
					"$(inherited)",
					"$(DEVELOPER_FRAMEWORKS_DIR)",
				);
				GCC_PRECOMPILE_PREFIX_HEADER = YES;
				GCC_PREFIX_HEADER = "YSSliderBarDemo/YSSliderBarDemo-Prefix.pch";
				INFOPLIST_FILE = "YSSliderBarDemoTests/YSSliderBarDemoTests-Info.plist";
				PRODUCT_NAME = "$(TARGET_NAME)";
				TEST_HOST = "$(BUNDLE_LOADER)";
				WRAPPER_EXTENSION = xctest;
			};
			name = Release;
		};
/* End XCBuildConfiguration section */

/* Begin XCConfigurationList section */
		EBA0D08D18AE36F5002B2614 /* Build configuration list for PBXProject "YSSliderBarDemo" */ = {
			isa = XCConfigurationList;
			buildConfigurations = (
				EBA0D0C518AE36F5002B2614 /* Debug */,
				EBA0D0C618AE36F5002B2614 /* Release */,
			);
			defaultConfigurationIsVisible = 0;
			defaultConfigurationName = Release;
		};
		EBA0D0C718AE36F5002B2614 /* Build configuration list for PBXNativeTarget "YSSliderBarDemo" */ = {
			isa = XCConfigurationList;
			buildConfigurations = (
				EBA0D0C818AE36F5002B2614 /* Debug */,
				EBA0D0C918AE36F5002B2614 /* Release */,
			);
			defaultConfigurationIsVisible = 0;
		};
		EBA0D0CA18AE36F5002B2614 /* Build configuration list for PBXNativeTarget "YSSliderBarDemoTests" */ = {
			isa = XCConfigurationList;
			buildConfigurations = (
				EBA0D0CB18AE36F5002B2614 /* Debug */,
				EBA0D0CC18AE36F5002B2614 /* Release */,
			);
			defaultConfigurationIsVisible = 0;
		};
/* End XCConfigurationList section */
	};
	rootObject = EBA0D08A18AE36F5002B2614 /* Project object */;
}
